
Microsoft Visual Studio Solution File, Format Version 12.00
# Visual Studio 14
VisualStudioVersion = 14.0.23107.0
MinimumVisualStudioVersion = 10.0.40219.1
Project("{FAE04EC0-301F-11D3-BF4B-00C04F79EFBC}") = "Console001", "Console001\Console001.csproj", "{B95101F2-BAFE-477B-B60E-84464AFA9DCB}"
EndProject
Project("{FAE04EC0-301F-11D3-BF4B-00C04F79EFBC}") = "LifecycleEventsConsole", "LifecycleEventsConsole\LifecycleEventsConsole.csproj", "{0311D4D2-90C2-4C48-9143-BF4432785E6B}"
EndProject
Project("{FAE04EC0-301F-11D3-BF4B-00C04F79EFBC}") = "SwitchableBehaviors_After", "SwitchableBehaviors\SwitchableBehaviors_After.csproj", "{C11DB47A-22B8-4FCC-B140-3ED2188B7486}"
EndProject
Project("{FAE04EC0-301F-11D3-BF4B-00C04F79EFBC}") = "SwtichableBehaviors_Before", "SwtichableBehaviors_Before\SwtichableBehaviors_Before.csproj", "{39D631AF-D802-4A59-929C-BA09E90E0875}"
EndProject
Project("{FAE04EC0-301F-11D3-BF4B-00C04F79EFBC}") = "SupervisorHierarchy", "SupervisorHierarchy\SupervisorHierarchy.csproj", "{EABC764E-2736-409C-9450-6BC6A894F678}"
EndProject
Global
	GlobalSection(SolutionConfigurationPlatforms) = preSolution
		Debug|Any CPU = Debug|Any CPU
		Release|Any CPU = Release|Any CPU
	EndGlobalSection
	GlobalSection(ProjectConfigurationPlatforms) = postSolution
		{B95101F2-BAFE-477B-B60E-84464AFA9DCB}.Debug|Any CPU.ActiveCfg = Debug|Any CPU
		{B95101F2-BAFE-477B-B60E-84464AFA9DCB}.Debug|Any CPU.Build.0 = Debug|Any CPU
		{B95101F2-BAFE-477B-B60E-84464AFA9DCB}.Release|Any CPU.ActiveCfg = Release|Any CPU
		{B95101F2-BAFE-477B-B60E-84464AFA9DCB}.Release|Any CPU.Build.0 = Release|Any CPU
		{0311D4D2-90C2-4C48-9143-BF4432785E6B}.Debug|Any CPU.ActiveCfg = Debug|Any CPU
		{0311D4D2-90C2-4C48-9143-BF4432785E6B}.Debug|Any CPU.Build.0 = Debug|Any CPU
		{0311D4D2-90C2-4C48-9143-BF4432785E6B}.Release|Any CPU.ActiveCfg = Release|Any CPU
		{0311D4D2-90C2-4C48-9143-BF4432785E6B}.Release|Any CPU.Build.0 = Release|Any CPU
		{C11DB47A-22B8-4FCC-B140-3ED2188B7486}.Debug|Any CPU.ActiveCfg = Debug|Any CPU
		{C11DB47A-22B8-4FCC-B140-3ED2188B7486}.Debug|Any CPU.Build.0 = Debug|Any CPU
		{C11DB47A-22B8-4FCC-B140-3ED2188B7486}.Release|Any CPU.ActiveCfg = Release|Any CPU
		{C11DB47A-22B8-4FCC-B140-3ED2188B7486}.Release|Any CPU.Build.0 = Release|Any CPU
		{39D631AF-D802-4A59-929C-BA09E90E0875}.Debug|Any CPU.ActiveCfg = Debug|Any CPU
		{39D631AF-D802-4A59-929C-BA09E90E0875}.Debug|Any CPU.Build.0 = Debug|Any CPU
		{39D631AF-D802-4A59-929C-BA09E90E0875}.Release|Any CPU.ActiveCfg = Release|Any CPU
		{39D631AF-D802-4A59-929C-BA09E90E0875}.Release|Any CPU.Build.0 = Release|Any CPU
		{EABC764E-2736-409C-9450-6BC6A894F678}.Debug|Any CPU.ActiveCfg = Debug|Any CPU
		{EABC764E-2736-409C-9450-6BC6A894F678}.Debug|Any CPU.Build.0 = Debug|Any CPU
		{EABC764E-2736-409C-9450-6BC6A894F678}.Release|Any CPU.ActiveCfg = Release|Any CPU
		{EABC764E-2736-409C-9450-6BC6A894F678}.Release|Any CPU.Build.0 = Release|Any CPU
	EndGlobalSection
	GlobalSection(SolutionProperties) = preSolution
		HideSolutionNode = FALSE
	EndGlobalSection
EndGlobal
